# gh-aw-metadata: {"schema_version":"v3","frontmatter_hash":"f65ef56b469719c2d7f6f9a4107804e6b7a7dac6357fc3babf2bc73e52451d34","strict":true,"agent_id":"claude"}
# gh-aw-manifest: {"version":1,"secrets":["ANTHROPIC_API_KEY","GH_AW_GITHUB_MCP_SERVER_TOKEN","GH_AW_GITHUB_TOKEN","GITHUB_TOKEN"],"actions":[{"repo":"actions/cache/restore","sha":"27d5ce7f107fe935...[content shortened]...
...continuation of file...
jobs:
  activation:
    runs-on: ubuntu-slim
    environment: production
    permissions:
      actions: read
      contents: read
    outputs:
      secret_verification_result: ${{ steps.validate-secret.outputs.verification_result }}
    steps:
      - name: Validate ANTHROPIC_API_KEY secret
        run: bash "${RUNNER_TEMP}/gh-aw/actions/validate_multi_secret.sh" ANTHROPIC_API_KEY 'Claude Code' https://github.github.com/gh-aw/reference/engines/#anthropic-claude-code
        env:
          ANTHROPIC_API_KEY: ${{ secrets.ANTHROPIC_API_KEY }}